
Microsoft Visual Studio Solution File, Format Version 12.00
# Visual Studio Version 16
VisualStudioVersion = 16.0.31410.357
MinimumVisualStudioVersion = 10.0.40219.1
Project("{FAE04EC0-301F-11D3-BF4B-00C04F79EFBC}") = "Lesson3", "Lesson3.csproj", "{FD896FDD-DF3B-45FF-BF7B-B5A7AF1D3B18}"
EndProject
Global
	GlobalSection(SolutionConfigurationPlatforms) = preSolution
		Debug|Any CPU = Debug|Any CPU
		Release|Any CPU = Release|Any CPU
	EndGlobalSection
	GlobalSection(ProjectConfigurationPlatforms) = postSolution
		{FD896FDD-DF3B-45FF-BF7B-B5A7AF1D3B18}.Debug|Any CPU.ActiveCfg = Debug|Any CPU
		{FD896FDD-DF3B-45FF-BF7B-B5A7AF1D3B18}.Debug|Any CPU.Build.0 = Debug|Any CPU
		{FD896FDD-DF3B-45FF-BF7B-B5A7AF1D3B18}.Release|Any CPU.ActiveCfg = Release|Any CPU
		{FD896FDD-DF3B-45FF-BF7B-B5A7AF1D3B18}.Release|Any CPU.Build.0 = Release|Any CPU
	EndGlobalSection
	GlobalSection(SolutionProperties) = preSolution
		HideSolutionNode = FALSE
	EndGlobalSection
	GlobalSection(ExtensibilityGlobals) = postSolution
		SolutionGuid = {BB5C7925-80A4-45DA-A725-EFCE13774F20}
	EndGlobalSection
EndGlobal
